
Microsoft Visual Studio Solution File, Format Version 12.00
# Visual Studio Version 17
VisualStudioVersion = 17.6.33801.468
MinimumVisualStudioVersion = 10.0.40219.1
Project("{FAE04EC0-301F-11D3-BF4B-00C04F79EFBC}") = "Hometask", "Hometask\Hometask.csproj", "{3A79E0E4-44B6-47FE-AA16-380BEEFE353F}"
EndProject
Global
	GlobalSection(SolutionConfigurationPlatforms) = preSolution
		Debug|Any CPU = Debug|Any CPU
		Release|Any CPU = Release|Any CPU
	EndGlobalSection
	GlobalSection(ProjectConfigurationPlatforms) = postSolution
		{3A79E0E4-44B6-47FE-AA16-380BEEFE353F}.Debug|Any CPU.ActiveCfg = Debug|Any CPU
		{3A79E0E4-44B6-47FE-AA16-380BEEFE353F}.Debug|Any CPU.Build.0 = Debug|Any CPU
		{3A79E0E4-44B6-47FE-AA16-380BEEFE353F}.Release|Any CPU.ActiveCfg = Release|Any CPU
		{3A79E0E4-44B6-47FE-AA16-380BEEFE353F}.Release|Any CPU.Build.0 = Release|Any CPU
	EndGlobalSection
	GlobalSection(SolutionProperties) = preSolution
		HideSolutionNode = FALSE
	EndGlobalSection
	GlobalSection(ExtensibilityGlobals) = postSolution
		SolutionGuid = {30EBEEF4-38AC-4CD0-BE53-AAB7D9D0AE69}
	EndGlobalSection
EndGlobal
